// !$*UTF8*$!
{
	archiveVersion = 1;
	classes = {
	};
	objectVersion = 56;
	objects = {

/* Begin PBXBuildFile section */
		117BCE0329B0777800B77728 /* AppDelegate.swift in Sources */ = {isa = PBXBuildFile; fileRef = 117BCE0229B0777800B77728 /* AppDelegate.swift */; };
		117BCE0529B0777800B77728 /* ViewController.swift in Sources */ = {isa = PBXBuildFile; fileRef = 117BCE0429B0777800B77728 /* ViewController.swift */; };
		117BCE0729B0777900B77728 /* Assets.xcassets in Resources */ = {isa = PBXBuildFile; fileRef = 117BCE0629B0777900B77728 /* Assets.xcassets */; };
		117BCE0A29B0777900B77728 /* Main.storyboard in Resources */ = {isa = PBXBuildFile; fileRef = 117BCE0829B0777900B77728 /* Main.storyboard */; };
		117BCE1829B0779F00B77728 /* FinderSync.swift in Sources */ = {isa = PBXBuildFile; fileRef = 117BCE1729B0779F00B77728 /* FinderSync.swift */; };
		117BCE1D29B0779F00B77728 /* iCloud Extension.appex in Embed Foundation Extensions */ = {isa = PBXBuildFile; fileRef = 117BCE1529B0779F00B77728 /* iCloud Extension.appex */; settings = {ATTRIBUTES = (RemoveHeadersOnCopy, ); }; };
		11F9108229B07F3E008290BA /* Credits.rtf in Resources */ = {isa = PBXBuildFile; fileRef = 11F9108129B07F3D008290BA /* Credits.rtf */; };
		11F9108429B07F42008290BA /* HelpViewController.swift in Sources */ = {isa = PBXBuildFile; fileRef = 11F9108329B07F42008290BA /* HelpViewController.swift */; };
		11F9108629B08378008290BA /* Info.plist in Resources */ = {isa = PBXBuildFile; fileRef = 11F9108529B08378008290BA /* Info.plist */; };
		11F9108829B084CD008290BA /* Extension.xcassets in Resources */ = {isa = PBXBuildFile; fileRef = 11F9108729B084CD008290BA /* Extension.xcassets */; };
/* End PBXBuildFile section */

/* Begin PBXContainerItemProxy section */
		117BCE1B29B0779F00B77728 /* PBXContainerItemProxy */ = {
			isa = PBXContainerItemProxy;
			containerPortal = 117BCDF729B0777800B77728 /* Project object */;
			proxyType = 1;
			remoteGlobalIDString = 117BCE1429B0779F00B77728;
			remoteInfo = "iCloud Extension";
		};
/* End PBXContainerItemProxy section */

/* Begin PBXCopyFilesBuildPhase section */
		117BCE1E29B0779F00B77728 /* Embed Foundation Extensions */ = {
			isa = PBXCopyFilesBuildPhase;
			buildActionMask = 2147483647;
			dstPath = "";
			dstSubfolderSpec = 13;
			files = (
				117BCE1D29B0779F00B77728 /* iCloud Extension.appex in Embed Foundation Extensions */,
			);
			name = "Embed Foundation Extensions";
			runOnlyForDeploymentPostprocessing = 0;
		};
/* End PBXCopyFilesBuildPhase section */

/* Begin PBXFileReference section */
		117BCDFF29B0777800B77728 /* iCloud Control.app */ = {isa = PBXFileReference; explicitFileType = wrapper.application; includeInIndex = 0; path = "iCloud Control.app"; sourceTree = BUILT_PRODUCTS_DIR; };
		117BCE0229B0777800B77728 /* AppDelegate.swift */ = {isa = PBXFileReference; lastKnownFileType = sourcecode.swift; path = AppDelegate.swift; sourceTree = "<group>"; };
		117BCE0429B0777800B77728 /* ViewController.swift */ = {isa = PBXFileReference; lastKnownFileType = sourcecode.swift; path = ViewController.swift; sourceTree = "<group>"; };
		117BCE0629B0777900B77728 /* Assets.xcassets */ = {isa = PBXFileReference; lastKnownFileType = folder.assetcatalog; path = Assets.xcassets; sourceTree = "<group>"; };
		117BCE0929B0777900B77728 /* Base */ = {isa = PBXFileReference; lastKnownFileType = file.storyboard; name = Base; path = Base.lproj/Main.storyboard; sourceTree = "<group>"; };
		117BCE0B29B0777900B77728 /* iCloud_Control.entitlements */ = {isa = PBXFileReference; lastKnownFileType = text.plist.entitlements; path = iCloud_Control.entitlements; sourceTree = "<group>"; };
		117BCE1529B0779F00B77728 /* iCloud Extension.appex */ = {isa = PBXFileReference; explicitFileType = "wrapper.app-extension"; includeInIndex = 0; path = "iCloud Extension.appex"; sourceTree = BUILT_PRODUCTS_DIR; };
		117BCE1729B0779F00B77728 /* FinderSync.swift */ = {isa = PBXFileReference; lastKnownFileType = sourcecode.swift; path = FinderSync.swift; sourceTree = "<group>"; };
		117BCE1929B0779F00B77728 /* Info.plist */ = {isa = PBXFileReference; lastKnownFileType = text.plist.xml; path = Info.plist; sourceTree = "<group>"; };
		117BCE1A29B0779F00B77728 /* iCloud_Extension.entitlements */ = {isa = PBXFileReference; lastKnownFileType = text.plist.entitlements; path = iCloud_Extension.entitlements; sourceTree = "<group>"; };
		11F9108129B07F3D008290BA /* Credits.rtf */ = {isa = PBXFileReference; fileEncoding = 4; lastKnownFileType = text.rtf; path = Credits.rtf; sourceTree = "<group>"; };
		11F9108329B07F42008290BA /* HelpViewController.swift */ = {isa = PBXFileReference; fileEncoding = 4; lastKnownFileType = sourcecode.swift; path = HelpViewController.swift; sourceTree = "<group>"; };
		11F9108529B08378008290BA /* Info.plist */ = {isa = PBXFileReference; lastKnownFileType = text.plist.xml; path = Info.plist; sourceTree = "<group>"; };
		11F9108729B084CD008290BA /* Extension.xcassets */ = {isa = PBXFileReference; lastKnownFileType = folder.assetcatalog; path = Extension.xcassets; sourceTree = "<group>"; };
/* End PBXFileReference section */

/* Begin PBXFrameworksBuildPhase section */
		117BCDFC29B0777800B77728 /* Frameworks */ = {
			isa = PBXFrameworksBuildPhase;
			buildActionMask = 2147483647;
			files = (
			);
			runOnlyForDeploymentPostprocessing = 0;
		};
		117BCE1229B0779F00B77728 /* Frameworks */ = {
			isa = PBXFrameworksBuildPhase;
			buildActionMask = 2147483647;
			files = (
			);
			runOnlyForDeploymentPostprocessing = 0;
		};
/* End PBXFrameworksBuildPhase section */

/* Begin PBXGroup section */
		117BCDF629B0777800B77728 = {
			isa = PBXGroup;
			children = (
				117BCE0129B0777800B77728 /* iCloud Control */,
				117BCE1629B0779F00B77728 /* iCloud Extension */,
				117BCE0029B0777800B77728 /* Products */,
			);
			sourceTree = "<group>";
		};
		117BCE0029B0777800B77728 /* Products */ = {
			isa = PBXGroup;
			children = (
				117BCDFF29B0777800B77728 /* iCloud Control.app */,
				117BCE1529B0779F00B77728 /* iCloud Extension.appex */,
			);
			name = Products;
			sourceTree = "<group>";
		};
		117BCE0129B0777800B77728 /* iCloud Control */ = {
			isa = PBXGroup;
			children = (
				117BCE0229B0777800B77728 /* AppDelegate.swift */,
				117BCE0429B0777800B77728 /* ViewController.swift */,
				11F9108329B07F42008290BA /* HelpViewController.swift */,
				117BCE0629B0777900B77728 /* Assets.xcassets */,
				117BCE0829B0777900B77728 /* Main.storyboard */,
				117BCE0B29B0777900B77728 /* iCloud_Control.entitlements */,
				11F9108129B07F3D008290BA /* Credits.rtf */,
				11F9108529B08378008290BA /* Info.plist */,
			);
			path = "iCloud Control";
			sourceTree = "<group>";
		};
		117BCE1629B0779F00B77728 /* iCloud Extension */ = {
			isa = PBXGroup;
			children = (
				117BCE1729B0779F00B77728 /* FinderSync.swift */,
				11F9108729B084CD008290BA /* Extension.xcassets */,
				117BCE1929B0779F00B77728 /* Info.plist */,
				117BCE1A29B0779F00B77728 /* iCloud_Extension.entitlements */,
			);
			path = "iCloud Extension";
			sourceTree = "<group>";
		};
/* End PBXGroup section */

/* Begin PBXNativeTarget section */
		117BCDFE29B0777800B77728 /* iCloud Control */ = {
			isa = PBXNativeTarget;
			buildConfigurationList = 117BCE0E29B0777900B77728 /* Build configuration list for PBXNativeTarget "iCloud Control" */;
			buildPhases = (
				117BCDFB29B0777800B77728 /* Sources */,
				117BCDFC29B0777800B77728 /* Frameworks */,
				117BCDFD29B0777800B77728 /* Resources */,
				117BCE1E29B0779F00B77728 /* Embed Foundation Extensions */,
			);
			buildRules = (
			);
			dependencies = (
				117BCE1C29B0779F00B77728 /* PBXTargetDependency */,
			);
			name = "iCloud Control";
			productName = "iCloud Control";
			productReference = 117BCDFF29B0777800B77728 /* iCloud Control.app */;
			productType = "com.apple.product-type.application";
		};
		117BCE1429B0779F00B77728 /* iCloud Extension */ = {
			isa = PBXNativeTarget;
			buildConfigurationList = 117BCE2129B0779F00B77728 /* Build configuration list for PBXNativeTarget "iCloud Extension" */;
			buildPhases = (
				117BCE1129B0779F00B77728 /* Sources */,
				117BCE1229B0779F00B77728 /* Frameworks */,
				117BCE1329B0779F00B77728 /* Resources */,
			);
			buildRules = (
			);
			dependencies = (
			);
			name = "iCloud Extension";
			productName = "iCloud Extension";
			productReference = 117BCE1529B0779F00B77728 /* iCloud Extension.appex */;
			productType = "com.apple.product-type.app-extension";
		};
/* End PBXNativeTarget section */

/* Begin PBXProject section */
		117BCDF729B0777800B77728 /* Project object */ = {
			isa = PBXProject;
			attributes = {
				BuildIndependentTargetsInParallel = 1;
				LastSwiftUpdateCheck = 1420;
				LastUpgradeCheck = 1420;
				TargetAttributes = {
					117BCDFE29B0777800B77728 = {
						CreatedOnToolsVersion = 14.2;
					};
					117BCE1429B0779F00B77728 = {
						CreatedOnToolsVersion = 14.2;
					};
				};
			};
			buildConfigurationList = 117BCDFA29B0777800B77728 /* Build configuration list for PBXProject "iCloud Control" */;
			compatibilityVersion = "Xcode 14.0";
			developmentRegion = en;
			hasScannedForEncodings = 0;
			knownRegions = (
				en,
				Base,
			);
			mainGroup = 117BCDF629B0777800B77728;
			productRefGroup = 117BCE0029B0777800B77728 /* Products */;
			projectDirPath = "";
			projectRoot = "";
			targets = (
				117BCDFE29B0777800B77728 /* iCloud Control */,
				117BCE1429B0779F00B77728 /* iCloud Extension */,
			);
		};
/* End PBXProject section */

/* Begin PBXResourcesBuildPhase section */
		117BCDFD29B0777800B77728 /* Resources */ = {
			isa = PBXResourcesBuildPhase;
			buildActionMask = 2147483647;
			files = (
				11F9108629B08378008290BA /* Info.plist in Resources */,
				117BCE0729B0777900B77728 /* Assets.xcassets in Resources */,
				11F9108229B07F3E008290BA /* Credits.rtf in Resources */,
				117BCE0A29B0777900B77728 /* Main.storyboard in Resources */,
			);
			runOnlyForDeploymentPostprocessing = 0;
		};
		117BCE1329B0779F00B77728 /* Resources */ = {
			isa = PBXResourcesBuildPhase;
			buildActionMask = 2147483647;
			files = (
				11F9108829B084CD008290BA /* Extension.xcassets in Resources */,
			);
			runOnlyForDeploymentPostprocessing = 0;
		};
/* End PBXResourcesBuildPhase section */

/* Begin PBXSourcesBuildPhase section */
		117BCDFB29B0777800B77728 /* Sources */ = {
			isa = PBXSourcesBuildPhase;
			buildActionMask = 2147483647;
			files = (
				117BCE0529B0777800B77728 /* ViewController.swift in Sources */,
				11F9108429B07F42008290BA /* HelpViewController.swift in Sources */,
				117BCE0329B0777800B77728 /* AppDelegate.swift in Sources */,
			);
			runOnlyForDeploymentPostprocessing = 0;
		};
		117BCE1129B0779F00B77728 /* Sources */ = {
			isa = PBXSourcesBuildPhase;
			buildActionMask = 2147483647;
			files = (
				117BCE1829B0779F00B77728 /* FinderSync.swift in Sources */,
			);
			runOnlyForDeploymentPostprocessing = 0;
		};
/* End PBXSourcesBuildPhase section */

/* Begin PBXTargetDependency section */
		117BCE1C29B0779F00B77728 /* PBXTargetDependency */ = {
			isa = PBXTargetDependency;
			target = 117BCE1429B0779F00B77728 /* iCloud Extension */;
			targetProxy = 117BCE1B29B0779F00B77728 /* PBXContainerItemProxy */;
		};
/* End PBXTargetDependency section */

/* Begin PBXVariantGroup section */
		117BCE0829B0777900B77728 /* Main.storyboard */ = {
			isa = PBXVariantGroup;
			children = (
				117BCE0929B0777900B77728 /* Base */,
			);
			name = Main.storyboard;
			sourceTree = "<group>";
		};
/* End PBXVariantGroup section */

/* Begin XCBuildConfiguration section */
		117BCE0C29B0777900B77728 /* Debug */ = {
			isa = XCBuildConfiguration;
			buildSettings = {
				ALWAYS_SEARCH_USER_PATHS = NO;
				CLANG_ANALYZER_NONNULL = YES;
				CLANG_ANALYZER_NUMBER_OBJECT_CONVERSION = YES_AGGRESSIVE;
				CLANG_CXX_LANGUAGE_STANDARD = "gnu++20";
				CLANG_ENABLE_MODULES = YES;
				CLANG_ENABLE_OBJC_ARC = YES;
				CLANG_ENABLE_OBJC_WEAK = YES;
				CLANG_WARN_BLOCK_CAPTURE_AUTORELEASING = YES;
				CLANG_WARN_BOOL_CONVERSION = YES;
				CLANG_WARN_COMMA = YES;
				CLANG_WARN_CONSTANT_CONVERSION = YES;
				CLANG_WARN_DEPRECATED_OBJC_IMPLEMENTATIONS = YES;
				CLANG_WARN_DIRECT_OBJC_ISA_USAGE = YES_ERROR;
				CLANG_WARN_DOCUMENTATION_COMMENTS = YES;
				CLANG_WARN_EMPTY_BODY = YES;
				CLANG_WARN_ENUM_CONVERSION = YES;
				CLANG_WARN_INFINITE_RECURSION = YES;
				CLANG_WARN_INT_CONVERSION = YES;
				CLANG_WARN_NON_LITERAL_NULL_CONVERSION = YES;
				CLANG_WARN_OBJC_IMPLICIT_RETAIN_SELF = YES;
				CLANG_WARN_OBJC_LITERAL_CONVERSION = YES;
				CLANG_WARN_OBJC_ROOT_CLASS = YES_ERROR;
				CLANG_WARN_QUOTED_INCLUDE_IN_FRAMEWORK_HEADER = YES;
				CLANG_WARN_RANGE_LOOP_ANALYSIS = YES;
				CLANG_WARN_STRICT_PROTOTYPES = YES;
				CLANG_WARN_SUSPICIOUS_MOVE = YES;
				CLANG_WARN_UNGUARDED_AVAILABILITY = YES_AGGRESSIVE;
				CLANG_WARN_UNREACHABLE_CODE = YES;
				CLANG_WARN__DUPLICATE_METHOD_MATCH = YES;
				COPY_PHASE_STRIP = NO;
				DEBUG_INFORMATION_FORMAT = dwarf;
				ENABLE_STRICT_OBJC_MSGSEND = YES;
				ENABLE_TESTABILITY = YES;
				GCC_C_LANGUAGE_STANDARD = gnu11;
				GCC_DYNAMIC_NO_PIC = NO;
				GCC_NO_COMMON_BLOCKS = YES;
				GCC_OPTIMIZATION_LEVEL = 0;
				GCC_PREPROCESSOR_DEFINITIONS = (
					"DEBUG=1",
					"$(inherited)",
				);
				GCC_WARN_64_TO_32_BIT_CONVERSION = YES;
				GCC_WARN_ABOUT_RETURN_TYPE = YES_ERROR;
				GCC_WARN_UNDECLARED_SELECTOR = YES;
				GCC_WARN_UNINITIALIZED_AUTOS = YES_AGGRESSIVE;
				GCC_WARN_UNUSED_FUNCTION = YES;
				GCC_WARN_UNUSED_VARIABLE = YES;
				MACOSX_DEPLOYMENT_TARGET = 10.13;
				MTL_ENABLE_DEBUG_INFO = INCLUDE_SOURCE;
				MTL_FAST_MATH = YES;
				ONLY_ACTIVE_ARCH = YES;
				SDKROOT = macosx;
				SWIFT_ACTIVE_COMPILATION_CONDITIONS = DEBUG;
				SWIFT_OPTIMIZATION_LEVEL = "-Onone";
			};
			name = Debug;
		};
		117BCE0D29B0777900B77728 /* Release */ = {
			isa = XCBuildConfiguration;
			buildSettings = {
				ALWAYS_SEARCH_USER_PATHS = NO;
				CLANG_ANALYZER_NONNULL = YES;
				CLANG_ANALYZER_NUMBER_OBJECT_CONVERSION = YES_AGGRESSIVE;
				CLANG_CXX_LANGUAGE_STANDARD = "gnu++20";
				CLANG_ENABLE_MODULES = YES;
				CLANG_ENABLE_OBJC_ARC = YES;
				CLANG_ENABLE_OBJC_WEAK = YES;
				CLANG_WARN_BLOCK_CAPTURE_AUTORELEASING = YES;
				CLANG_WARN_BOOL_CONVERSION = YES;
				CLANG_WARN_COMMA = YES;
				CLANG_WARN_CONSTANT_CONVERSION = YES;
				CLANG_WARN_DEPRECATED_OBJC_IMPLEMENTATIONS = YES;
				CLANG_WARN_DIRECT_OBJC_ISA_USAGE = YES_ERROR;
				CLANG_WARN_DOCUMENTATION_COMMENTS = YES;
				CLANG_WARN_EMPTY_BODY = YES;
				CLANG_WARN_ENUM_CONVERSION = YES;
				CLANG_WARN_INFINITE_RECURSION = YES;
				CLANG_WARN_INT_CONVERSION = YES;
				CLANG_WARN_NON_LITERAL_NULL_CONVERSION = YES;
				CLANG_WARN_OBJC_IMPLICIT_RETAIN_SELF = YES;
				CLANG_WARN_OBJC_LITERAL_CONVERSION = YES;
				CLANG_WARN_OBJC_ROOT_CLASS = YES_ERROR;
				CLANG_WARN_QUOTED_INCLUDE_IN_FRAMEWORK_HEADER = YES;
				CLANG_WARN_RANGE_LOOP_ANALYSIS = YES;
				CLANG_WARN_STRICT_PROTOTYPES = YES;
				CLANG_WARN_SUSPICIOUS_MOVE = YES;
				CLANG_WARN_UNGUARDED_AVAILABILITY = YES_AGGRESSIVE;
				CLANG_WARN_UNREACHABLE_CODE = YES;
				CLANG_WARN__DUPLICATE_METHOD_MATCH = YES;
				COPY_PHASE_STRIP = NO;
				DEBUG_INFORMATION_FORMAT = "dwarf-with-dsym";
				ENABLE_NS_ASSERTIONS = NO;
				ENABLE_STRICT_OBJC_MSGSEND = YES;
				GCC_C_LANGUAGE_STANDARD = gnu11;
				GCC_NO_COMMON_BLOCKS = YES;
				GCC_WARN_64_TO_32_BIT_CONVERSION = YES;
				GCC_WARN_ABOUT_RETURN_TYPE = YES_ERROR;
				GCC_WARN_UNDECLARED_SELECTOR = YES;
				GCC_WARN_UNINITIALIZED_AUTOS = YES_AGGRESSIVE;
				GCC_WARN_UNUSED_FUNCTION = YES;
				GCC_WARN_UNUSED_VARIABLE = YES;
				MACOSX_DEPLOYMENT_TARGET = 10.13;
				MTL_ENABLE_DEBUG_INFO = NO;
				MTL_FAST_MATH = YES;
				SDKROOT = macosx;
				SWIFT_COMPILATION_MODE = wholemodule;
				SWIFT_OPTIMIZATION_LEVEL = "-O";
			};
			name = Release;
		};
		117BCE0F29B0777900B77728 /* Debug */ = {
			isa = XCBuildConfiguration;
			buildSettings = {
				ALWAYS_EMBED_SWIFT_STANDARD_LIBRARIES = YES;
				ASSETCATALOG_COMPILER_APPICON_NAME = AppIcon;
				ASSETCATALOG_COMPILER_GLOBAL_ACCENT_COLOR_NAME = AccentColor;
				CODE_SIGN_ENTITLEMENTS = "iCloud Control/iCloud_Control.entitlements";
				CODE_SIGN_STYLE = Automatic;
				COMBINE_HIDPI_IMAGES = YES;
				CURRENT_PROJECT_VERSION = "02-03-23";
				DEVELOPMENT_TEAM = 3D5FQASR4R;
				ENABLE_HARDENED_RUNTIME = YES;
				GENERATE_INFOPLIST_FILE = YES;
				INFOPLIST_KEY_CFBundleDisplayName = "iCloud Control";
				INFOPLIST_KEY_LSApplicationCategoryType = "public.app-category.utilities";
				INFOPLIST_KEY_NSHumanReadableCopyright = "";
				INFOPLIST_KEY_NSMainStoryboardFile = Main;
				INFOPLIST_KEY_NSPrincipalClass = NSApplication;
				LD_RUNPATH_SEARCH_PATHS = (
					"$(inherited)",
					"@executable_path/../Frameworks",
				);
				MACOSX_DEPLOYMENT_TARGET = 10.13;
				MARKETING_VERSION = 1.4.7;
				PRODUCT_BUNDLE_IDENTIFIER = "com.nickmcquade.iCloud-Control";
				PRODUCT_NAME = "$(TARGET_NAME)";
				SWIFT_EMIT_LOC_STRINGS = YES;
				SWIFT_VERSION = 5.0;
			};
			name = Debug;
		};
		117BCE1029B0777900B77728 /* Release */ = {
			isa = XCBuildConfiguration;
			buildSettings = {
				ALWAYS_EMBED_SWIFT_STANDARD_LIBRARIES = YES;
				ASSETCATALOG_COMPILER_APPICON_NAME = AppIcon;
				ASSETCATALOG_COMPILER_GLOBAL_ACCENT_COLOR_NAME = AccentColor;
				CODE_SIGN_ENTITLEMENTS = "iCloud Control/iCloud_Control.entitlements";
				CODE_SIGN_STYLE = Automatic;
				COMBINE_HIDPI_IMAGES = YES;
				CURRENT_PROJECT_VERSION = "02-03-23";
				DEVELOPMENT_TEAM = 3D5FQASR4R;
				ENABLE_HARDENED_RUNTIME = YES;
				GENERATE_INFOPLIST_FILE = YES;
				INFOPLIST_KEY_CFBundleDisplayName = "iCloud Control";
				INFOPLIST_KEY_LSApplicationCategoryType = "public.app-category.utilities";
				INFOPLIST_KEY_NSHumanReadableCopyright = "";
				INFOPLIST_KEY_NSMainStoryboardFile = Main;
				INFOPLIST_KEY_NSPrincipalClass = NSApplication;
				LD_RUNPATH_SEARCH_PATHS = (
					"$(inherited)",
					"@executable_path/../Frameworks",
				);
				MACOSX_DEPLOYMENT_TARGET = 10.13;
				MARKETING_VERSION = 1.4.7;
				PRODUCT_BUNDLE_IDENTIFIER = "com.nickmcquade.iCloud-Control";
				PRODUCT_NAME = "$(TARGET_NAME)";
				SWIFT_EMIT_LOC_STRINGS = YES;
				SWIFT_VERSION = 5.0;
			};
			name = Release;
		};
		117BCE1F29B0779F00B77728 /* Debug */ = {
			isa = XCBuildConfiguration;
			buildSettings = {
				CODE_SIGN_ENTITLEMENTS = "iCloud Extension/iCloud_Extension.entitlements";
				CODE_SIGN_STYLE = Automatic;
				COMBINE_HIDPI_IMAGES = YES;
				CURRENT_PROJECT_VERSION = "02-03-23";
				DEVELOPMENT_TEAM = 3D5FQASR4R;
				ENABLE_HARDENED_RUNTIME = YES;
				GENERATE_INFOPLIST_FILE = YES;
				INFOPLIST_FILE = "iCloud Extension/Info.plist";
				INFOPLIST_KEY_CFBundleDisplayName = "iCloud Extension";
				INFOPLIST_KEY_LSUIElement = YES;
				INFOPLIST_KEY_NSHumanReadableCopyright = "";
				LD_RUNPATH_SEARCH_PATHS = (
					"$(inherited)",
					"@executable_path/../Frameworks",
					"@executable_path/../../../../Frameworks",
				);
				MACOSX_DEPLOYMENT_TARGET = 10.13;
				MARKETING_VERSION = 1.4.7;
				PRODUCT_BUNDLE_IDENTIFIER = "com.nickmcquade.iCloud-Control.iCloud-Extension";
				PRODUCT_NAME = "$(TARGET_NAME)";
				SKIP_INSTALL = YES;
				SWIFT_EMIT_LOC_STRINGS = YES;
				SWIFT_VERSION = 5.0;
			};
			name = Debug;
		};
		117BCE2029B0779F00B77728 /* Release */ = {
			isa = XCBuildConfiguration;
			buildSettings = {
				CODE_SIGN_ENTITLEMENTS = "iCloud Extension/iCloud_Extension.entitlements";
				CODE_SIGN_STYLE = Automatic;
				COMBINE_HIDPI_IMAGES = YES;
				CURRENT_PROJECT_VERSION = "02-03-23";
				DEVELOPMENT_TEAM = 3D5FQASR4R;
				ENABLE_HARDENED_RUNTIME = YES;
				GENERATE_INFOPLIST_FILE = YES;
				INFOPLIST_FILE = "iCloud Extension/Info.plist";
				INFOPLIST_KEY_CFBundleDisplayName = "iCloud Extension";
				INFOPLIST_KEY_LSUIElement = YES;
				INFOPLIST_KEY_NSHumanReadableCopyright = "";
				LD_RUNPATH_SEARCH_PATHS = (
					"$(inherited)",
					"@executable_path/../Frameworks",
					"@executable_path/../../../../Frameworks",
				);
				MACOSX_DEPLOYMENT_TARGET = 10.13;
				MARKETING_VERSION = 1.4.7;
				PRODUCT_BUNDLE_IDENTIFIER = "com.nickmcquade.iCloud-Control.iCloud-Extension";
				PRODUCT_NAME = "$(TARGET_NAME)";
				SKIP_INSTALL = YES;
				SWIFT_EMIT_LOC_STRINGS = YES;
				SWIFT_VERSION = 5.0;
			};
			name = Release;
		};
/* End XCBuildConfiguration section */

/* Begin XCConfigurationList section */
		117BCDFA29B0777800B77728 /* Build configuration list for PBXProject "iCloud Control" */ = {
			isa = XCConfigurationList;
			buildConfigurations = (
				117BCE0C29B0777900B77728 /* Debug */,
				117BCE0D29B0777900B77728 /* Release */,
			);
			defaultConfigurationIsVisible = 0;
			defaultConfigurationName = Release;
		};
		117BCE0E29B0777900B77728 /* Build configuration list for PBXNativeTarget "iCloud Control" */ = {
			isa = XCConfigurationList;
			buildConfigurations = (
				117BCE0F29B0777900B77728 /* Debug */,
				117BCE1029B0777900B77728 /* Release */,
			);
			defaultConfigurationIsVisible = 0;
			defaultConfigurationName = Release;
		};
		117BCE2129B0779F00B77728 /* Build configuration list for PBXNativeTarget "iCloud Extension" */ = {
			isa = XCConfigurationList;
			buildConfigurations = (
				117BCE1F29B0779F00B77728 /* Debug */,
				117BCE2029B0779F00B77728 /* Release */,
			);
			defaultConfigurationIsVisible = 0;
			defaultConfigurationName = Release;
		};
/* End XCConfigurationList section */
	};
	rootObject = 117BCDF729B0777800B77728 /* Project object */;
}
